
Microsoft Visual Studio Solution File, Format Version 12.00
Project("{FAE04EC0-301F-11D3-BF4B-00C04F79EFBC}") = "DealW.API", "DealW.API\DealW.API.csproj", "{019219B6-DD24-47CF-9C61-CD98FEFCE692}"
EndProject
Project("{2150E333-8FDC-42A3-9474-1A3956D46DE8}") = "Solution Items", "Solution Items", "{D5CB78A1-EF64-4252-98CD-08866879B945}"
	ProjectSection(SolutionItems) = preProject
		docker-compose.yml = docker-compose.yml
	EndProjectSection
EndProject
Project("{FAE04EC0-301F-11D3-BF4B-00C04F79EFBC}") = "DealW.Domain", "DealW.Domain\DealW.Domain.csproj", "{03655614-4084-420A-9412-DD44518FA07D}"
EndProject
Project("{FAE04EC0-301F-11D3-BF4B-00C04F79EFBC}") = "DealW.Persistence", "DealW.Persistence\DealW.Persistence.csproj", "{D6A83209-3BB3-4DB9-A4B2-5E553BB10CF7}"
EndProject
Project("{FAE04EC0-301F-11D3-BF4B-00C04F79EFBC}") = "DealW.Application", "DealW.Application\DealW.Application.csproj", "{5BD71DA9-C88D-4EB5-8B82-1E3B74349A38}"
EndProject
Global
	GlobalSection(SolutionConfigurationPlatforms) = preSolution
		Debug|Any CPU = Debug|Any CPU
		Release|Any CPU = Release|Any CPU
	EndGlobalSection
	GlobalSection(ProjectConfigurationPlatforms) = postSolution
		{019219B6-DD24-47CF-9C61-CD98FEFCE692}.Debug|Any CPU.ActiveCfg = Debug|Any CPU
		{019219B6-DD24-47CF-9C61-CD98FEFCE692}.Debug|Any CPU.Build.0 = Debug|Any CPU
		{019219B6-DD24-47CF-9C61-CD98FEFCE692}.Release|Any CPU.ActiveCfg = Release|Any CPU
		{019219B6-DD24-47CF-9C61-CD98FEFCE692}.Release|Any CPU.Build.0 = Release|Any CPU
		{03655614-4084-420A-9412-DD44518FA07D}.Debug|Any CPU.ActiveCfg = Debug|Any CPU
		{03655614-4084-420A-9412-DD44518FA07D}.Debug|Any CPU.Build.0 = Debug|Any CPU
		{03655614-4084-420A-9412-DD44518FA07D}.Release|Any CPU.ActiveCfg = Release|Any CPU
		{03655614-4084-420A-9412-DD44518FA07D}.Release|Any CPU.Build.0 = Release|Any CPU
		{D6A83209-3BB3-4DB9-A4B2-5E553BB10CF7}.Debug|Any CPU.ActiveCfg = Debug|Any CPU
		{D6A83209-3BB3-4DB9-A4B2-5E553BB10CF7}.Debug|Any CPU.Build.0 = Debug|Any CPU
		{D6A83209-3BB3-4DB9-A4B2-5E553BB10CF7}.Release|Any CPU.ActiveCfg = Release|Any CPU
		{D6A83209-3BB3-4DB9-A4B2-5E553BB10CF7}.Release|Any CPU.Build.0 = Release|Any CPU
		{5BD71DA9-C88D-4EB5-8B82-1E3B74349A38}.Debug|Any CPU.ActiveCfg = Debug|Any CPU
		{5BD71DA9-C88D-4EB5-8B82-1E3B74349A38}.Debug|Any CPU.Build.0 = Debug|Any CPU
		{5BD71DA9-C88D-4EB5-8B82-1E3B74349A38}.Release|Any CPU.ActiveCfg = Release|Any CPU
		{5BD71DA9-C88D-4EB5-8B82-1E3B74349A38}.Release|Any CPU.Build.0 = Release|Any CPU
	EndGlobalSection
EndGlobal
