
Microsoft Visual Studio Solution File, Format Version 12.00
Project("{2150E333-8FDC-42A3-9474-1A3956D46DE8}") = "src", "src", "{700E5E08-DE36-45EB-9405-220E7A8B2B34}"
EndProject
Project("{FAE04EC0-301F-11D3-BF4B-00C04F79EFBC}") = "DealW.Application", "DealW.Application\DealW.Application.csproj", "{5A136CE0-B79D-47A8-8AFD-0F9C5BE30477}"
EndProject
Project("{FAE04EC0-301F-11D3-BF4B-00C04F79EFBC}") = "DealW.API", "DealW.API\DealW.API.csproj", "{271B0FD5-413A-4DB8-8495-B536778FF35A}"
EndProject
Project("{FAE04EC0-301F-11D3-BF4B-00C04F79EFBC}") = "DealW.Infrastructure", "DealW.Infrastructure\DealW.Infrastructure.csproj", "{54DDA0DF-C45E-4BCB-9BB0-3E03EE3EDA32}"
EndProject
Project("{FAE04EC0-301F-11D3-BF4B-00C04F79EFBC}") = "DealW.Tests", "DealW.Tests\DealW.Tests.csproj", "{084D8C59-8FFC-4591-9CA0-272A48DE77CF}"
EndProject
Project("{FAE04EC0-301F-11D3-BF4B-00C04F79EFBC}") = "DealW.Domain", "DealW.Domain\DealW.Domain.csproj", "{08CE87A0-30CB-4CD5-BC12-1BD7C4790D13}"
EndProject
Global
	GlobalSection(SolutionConfigurationPlatforms) = preSolution
		Debug|Any CPU = Debug|Any CPU
		Release|Any CPU = Release|Any CPU
	EndGlobalSection
	GlobalSection(ProjectConfigurationPlatforms) = postSolution
		{5A136CE0-B79D-47A8-8AFD-0F9C5BE30477}.Debug|Any CPU.ActiveCfg = Debug|Any CPU
		{5A136CE0-B79D-47A8-8AFD-0F9C5BE30477}.Debug|Any CPU.Build.0 = Debug|Any CPU
		{5A136CE0-B79D-47A8-8AFD-0F9C5BE30477}.Release|Any CPU.ActiveCfg = Release|Any CPU
		{5A136CE0-B79D-47A8-8AFD-0F9C5BE30477}.Release|Any CPU.Build.0 = Release|Any CPU
		{271B0FD5-413A-4DB8-8495-B536778FF35A}.Debug|Any CPU.ActiveCfg = Debug|Any CPU
		{271B0FD5-413A-4DB8-8495-B536778FF35A}.Debug|Any CPU.Build.0 = Debug|Any CPU
		{271B0FD5-413A-4DB8-8495-B536778FF35A}.Release|Any CPU.ActiveCfg = Release|Any CPU
		{271B0FD5-413A-4DB8-8495-B536778FF35A}.Release|Any CPU.Build.0 = Release|Any CPU
		{54DDA0DF-C45E-4BCB-9BB0-3E03EE3EDA32}.Debug|Any CPU.ActiveCfg = Debug|Any CPU
		{54DDA0DF-C45E-4BCB-9BB0-3E03EE3EDA32}.Debug|Any CPU.Build.0 = Debug|Any CPU
		{54DDA0DF-C45E-4BCB-9BB0-3E03EE3EDA32}.Release|Any CPU.ActiveCfg = Release|Any CPU
		{54DDA0DF-C45E-4BCB-9BB0-3E03EE3EDA32}.Release|Any CPU.Build.0 = Release|Any CPU
		{084D8C59-8FFC-4591-9CA0-272A48DE77CF}.Debug|Any CPU.ActiveCfg = Debug|Any CPU
		{084D8C59-8FFC-4591-9CA0-272A48DE77CF}.Debug|Any CPU.Build.0 = Debug|Any CPU
		{084D8C59-8FFC-4591-9CA0-272A48DE77CF}.Release|Any CPU.ActiveCfg = Release|Any CPU
		{084D8C59-8FFC-4591-9CA0-272A48DE77CF}.Release|Any CPU.Build.0 = Release|Any CPU
		{08CE87A0-30CB-4CD5-BC12-1BD7C4790D13}.Debug|Any CPU.ActiveCfg = Debug|Any CPU
		{08CE87A0-30CB-4CD5-BC12-1BD7C4790D13}.Debug|Any CPU.Build.0 = Debug|Any CPU
		{08CE87A0-30CB-4CD5-BC12-1BD7C4790D13}.Release|Any CPU.ActiveCfg = Release|Any CPU
		{08CE87A0-30CB-4CD5-BC12-1BD7C4790D13}.Release|Any CPU.Build.0 = Release|Any CPU
	EndGlobalSection
	GlobalSection(NestedProjects) = preSolution
		{5A136CE0-B79D-47A8-8AFD-0F9C5BE30477} = {700E5E08-DE36-45EB-9405-220E7A8B2B34}
		{271B0FD5-413A-4DB8-8495-B536778FF35A} = {700E5E08-DE36-45EB-9405-220E7A8B2B34}
		{54DDA0DF-C45E-4BCB-9BB0-3E03EE3EDA32} = {700E5E08-DE36-45EB-9405-220E7A8B2B34}
		{084D8C59-8FFC-4591-9CA0-272A48DE77CF} = {700E5E08-DE36-45EB-9405-220E7A8B2B34}
		{08CE87A0-30CB-4CD5-BC12-1BD7C4790D13} = {700E5E08-DE36-45EB-9405-220E7A8B2B34}
	EndGlobalSection
EndGlobal
